
Microsoft Visual Studio Solution File, Format Version 12.00
# Visual Studio Version 17
VisualStudioVersion = 17.5.002.0
MinimumVisualStudioVersion = 10.0.40219.1
Project("{9A19103F-16F7-4668-BE54-9A1E7A4F7556}") = "ChangeString", "ChangeString.csproj", "{7CF4E348-A4B0-4B64-B3AA-34F29C0C666B}"
EndProject
Global
	GlobalSection(SolutionConfigurationPlatforms) = preSolution
		Debug|Any CPU = Debug|Any CPU
		Release|Any CPU = Release|Any CPU
	EndGlobalSection
	GlobalSection(ProjectConfigurationPlatforms) = postSolution
		{7CF4E348-A4B0-4B64-B3AA-34F29C0C666B}.Debug|Any CPU.ActiveCfg = Debug|Any CPU
		{7CF4E348-A4B0-4B64-B3AA-34F29C0C666B}.Debug|Any CPU.Build.0 = Debug|Any CPU
		{7CF4E348-A4B0-4B64-B3AA-34F29C0C666B}.Release|Any CPU.ActiveCfg = Release|Any CPU
		{7CF4E348-A4B0-4B64-B3AA-34F29C0C666B}.Release|Any CPU.Build.0 = Release|Any CPU
	EndGlobalSection
	GlobalSection(SolutionProperties) = preSolution
		HideSolutionNode = FALSE
	EndGlobalSection
	GlobalSection(ExtensibilityGlobals) = postSolution
		SolutionGuid = {A0038284-0206-4674-801D-3FD9905AF7A0}
	EndGlobalSection
EndGlobal
